
Microsoft Visual Studio Solution File, Format Version 12.00
# Visual Studio Version 16
VisualStudioVersion = 16.0.30523.141
MinimumVisualStudioVersion = 10.0.40219.1
Project("{FAE04EC0-301F-11D3-BF4B-00C04F79EFBC}") = "TicTacToeGame", "TicTacToeGame\TicTacToeGame.csproj", "{B391437E-2843-4DF2-BB91-85E45FFCA7ED}"
EndProject
Global
	GlobalSection(SolutionConfigurationPlatforms) = preSolution
		Debug|Any CPU = Debug|Any CPU
		Release|Any CPU = Release|Any CPU
	EndGlobalSection
	GlobalSection(ProjectConfigurationPlatforms) = postSolution
		{B391437E-2843-4DF2-BB91-85E45FFCA7ED}.Debug|Any CPU.ActiveCfg = Debug|Any CPU
		{B391437E-2843-4DF2-BB91-85E45FFCA7ED}.Debug|Any CPU.Build.0 = Debug|Any CPU
		{B391437E-2843-4DF2-BB91-85E45FFCA7ED}.Release|Any CPU.ActiveCfg = Release|Any CPU
		{B391437E-2843-4DF2-BB91-85E45FFCA7ED}.Release|Any CPU.Build.0 = Release|Any CPU
	EndGlobalSection
	GlobalSection(SolutionProperties) = preSolution
		HideSolutionNode = FALSE
	EndGlobalSection
	GlobalSection(ExtensibilityGlobals) = postSolution
		SolutionGuid = {854337EC-A458-4615-A719-1A8D31B38EA1}
	EndGlobalSection
EndGlobal
